// !$*UTF8*$!
{
	archiveVersion = 1;
	classes = {
	};
	objectVersion = 50;
	objects = {

/* Begin PBXBuildFile section */
		35686EE124015EB10046E56D /* NewBookListViewModel.swift in Sources */ = {isa = PBXBuildFile; fileRef = 35686EE024015EB10046E56D /* NewBookListViewModel.swift */; };
		35686EE324015F960046E56D /* BookListCellModel.swift in Sources */ = {isa = PBXBuildFile; fileRef = 35686EE224015F960046E56D /* BookListCellModel.swift */; };
		35686EE624015FB70046E56D /* BookListTableViewCell.swift in Sources */ = {isa = PBXBuildFile; fileRef = 35686EE424015FB70046E56D /* BookListTableViewCell.swift */; };
		35686EE724015FB70046E56D /* BookListTableViewCell.xib in Resources */ = {isa = PBXBuildFile; fileRef = 35686EE524015FB70046E56D /* BookListTableViewCell.xib */; };
		35686EED2401643D0046E56D /* CellRepresentable.swift in Sources */ = {isa = PBXBuildFile; fileRef = 35686EEC2401643D0046E56D /* CellRepresentable.swift */; };
		35686EEF24016A350046E56D /* CellModelRepresentable.swift in Sources */ = {isa = PBXBuildFile; fileRef = 35686EEE24016A350046E56D /* CellModelRepresentable.swift */; };
		35686EF1240170D60046E56D /* UIImageView+.swift in Sources */ = {isa = PBXBuildFile; fileRef = 35686EF0240170D60046E56D /* UIImageView+.swift */; };
		35686EF3240179DB0046E56D /* BookList.swift in Sources */ = {isa = PBXBuildFile; fileRef = 35686EF2240179DB0046E56D /* BookList.swift */; };
		35686EF5240182540046E56D /* UITableViewCell+.swift in Sources */ = {isa = PBXBuildFile; fileRef = 35686EF4240182540046E56D /* UITableViewCell+.swift */; };
		35686EF724023D0C0046E56D /* NSObject+.swift in Sources */ = {isa = PBXBuildFile; fileRef = 35686EF624023D0C0046E56D /* NSObject+.swift */; };
		35686EF924023F0B0046E56D /* SearchBookListViewModel.swift in Sources */ = {isa = PBXBuildFile; fileRef = 35686EF824023F0B0046E56D /* SearchBookListViewModel.swift */; };
		35686EFB240248F10046E56D /* LoadMoreCellModel.swift in Sources */ = {isa = PBXBuildFile; fileRef = 35686EFA240248F10046E56D /* LoadMoreCellModel.swift */; };
		35686EFE240249170046E56D /* LoadMoreTableViewCell.swift in Sources */ = {isa = PBXBuildFile; fileRef = 35686EFC240249170046E56D /* LoadMoreTableViewCell.swift */; };
		35686EFF240249170046E56D /* LoadMoreTableViewCell.xib in Resources */ = {isa = PBXBuildFile; fileRef = 35686EFD240249170046E56D /* LoadMoreTableViewCell.xib */; };
		35686F01240253840046E56D /* Alias.swift in Sources */ = {isa = PBXBuildFile; fileRef = 35686F00240253840046E56D /* Alias.swift */; };
		35686F0324025AF80046E56D /* Cache.swift in Sources */ = {isa = PBXBuildFile; fileRef = 35686F0224025AF80046E56D /* Cache.swift */; };
		35686F06240260FC0046E56D /* CacheTests.swift in Sources */ = {isa = PBXBuildFile; fileRef = 35686F05240260FC0046E56D /* CacheTests.swift */; };
		35686F0824026B090046E56D /* URL+.swift in Sources */ = {isa = PBXBuildFile; fileRef = 35686F0724026B090046E56D /* URL+.swift */; };
		35686F0A2402B13C0046E56D /* BookDetailViewController.xib in Resources */ = {isa = PBXBuildFile; fileRef = 35686F092402B13C0046E56D /* BookDetailViewController.xib */; };
		35686F0C2402B7CB0046E56D /* BookDetailViewModel.swift in Sources */ = {isa = PBXBuildFile; fileRef = 35686F0B2402B7CB0046E56D /* BookDetailViewModel.swift */; };
		35686F0E2403FB880046E56D /* Data+.swift in Sources */ = {isa = PBXBuildFile; fileRef = 35686F0D2403FB880046E56D /* Data+.swift */; };
		35CDC74023FD7E430029C5C6 /* AppDelegate.swift in Sources */ = {isa = PBXBuildFile; fileRef = 35CDC73F23FD7E430029C5C6 /* AppDelegate.swift */; };
		35CDC74223FD7E430029C5C6 /* SceneDelegate.swift in Sources */ = {isa = PBXBuildFile; fileRef = 35CDC74123FD7E430029C5C6 /* SceneDelegate.swift */; };
		35CDC74423FD7E430029C5C6 /* NewBooksViewController.swift in Sources */ = {isa = PBXBuildFile; fileRef = 35CDC74323FD7E430029C5C6 /* NewBooksViewController.swift */; };
		35CDC74623FD7E430029C5C6 /* SearchBookViewController.swift in Sources */ = {isa = PBXBuildFile; fileRef = 35CDC74523FD7E430029C5C6 /* SearchBookViewController.swift */; };
		35CDC74923FD7E430029C5C6 /* Main.storyboard in Resources */ = {isa = PBXBuildFile; fileRef = 35CDC74723FD7E430029C5C6 /* Main.storyboard */; };
		35CDC74B23FD7E450029C5C6 /* Assets.xcassets in Resources */ = {isa = PBXBuildFile; fileRef = 35CDC74A23FD7E450029C5C6 /* Assets.xcassets */; };
		35CDC74E23FD7E450029C5C6 /* LaunchScreen.storyboard in Resources */ = {isa = PBXBuildFile; fileRef = 35CDC74C23FD7E450029C5C6 /* LaunchScreen.storyboard */; };
		35CDC75923FD7E460029C5C6 /* BookShelfTests.swift in Sources */ = {isa = PBXBuildFile; fileRef = 35CDC75823FD7E460029C5C6 /* BookShelfTests.swift */; };
		35CDC76923FD88530029C5C6 /* BookDetailViewController.swift in Sources */ = {isa = PBXBuildFile; fileRef = 35CDC76823FD88530029C5C6 /* BookDetailViewController.swift */; };
		35CDC76B23FD88620029C5C6 /* Book.swift in Sources */ = {isa = PBXBuildFile; fileRef = 35CDC76A23FD88620029C5C6 /* Book.swift */; };
		35CDC76D23FD8A1F0029C5C6 /* BookDetail.swift in Sources */ = {isa = PBXBuildFile; fileRef = 35CDC76C23FD8A1F0029C5C6 /* BookDetail.swift */; };
		35CDC77023FD8EDC0029C5C6 /* API.swift in Sources */ = {isa = PBXBuildFile; fileRef = 35CDC76F23FD8EDC0029C5C6 /* API.swift */; };
		35CDC77324013CF90029C5C6 /* APIURLConvertible.swift in Sources */ = {isa = PBXBuildFile; fileRef = 35CDC77224013CF90029C5C6 /* APIURLConvertible.swift */; };
/* End PBXBuildFile section */

/* Begin PBXContainerItemProxy section */
		35CDC75523FD7E460029C5C6 /* PBXContainerItemProxy */ = {
			isa = PBXContainerItemProxy;
			containerPortal = 35CDC73423FD7E430029C5C6 /* Project object */;
			proxyType = 1;
			remoteGlobalIDString = 35CDC73B23FD7E430029C5C6;
			remoteInfo = BookShelf;
		};
/* End PBXContainerItemProxy section */

/* Begin PBXFileReference section */
		35686EE024015EB10046E56D /* NewBookListViewModel.swift */ = {isa = PBXFileReference; lastKnownFileType = sourcecode.swift; path = NewBookListViewModel.swift; sourceTree = "<group>"; };
		35686EE224015F960046E56D /* BookListCellModel.swift */ = {isa = PBXFileReference; lastKnownFileType = sourcecode.swift; path = BookListCellModel.swift; sourceTree = "<group>"; };
		35686EE424015FB70046E56D /* BookListTableViewCell.swift */ = {isa = PBXFileReference; lastKnownFileType = sourcecode.swift; path = BookListTableViewCell.swift; sourceTree = "<group>"; };
		35686EE524015FB70046E56D /* BookListTableViewCell.xib */ = {isa = PBXFileReference; lastKnownFileType = file.xib; path = BookListTableViewCell.xib; sourceTree = "<group>"; };
		35686EEC2401643D0046E56D /* CellRepresentable.swift */ = {isa = PBXFileReference; lastKnownFileType = sourcecode.swift; path = CellRepresentable.swift; sourceTree = "<group>"; };
		35686EEE24016A350046E56D /* CellModelRepresentable.swift */ = {isa = PBXFileReference; lastKnownFileType = sourcecode.swift; path = CellModelRepresentable.swift; sourceTree = "<group>"; };
		35686EF0240170D60046E56D /* UIImageView+.swift */ = {isa = PBXFileReference; lastKnownFileType = sourcecode.swift; path = "UIImageView+.swift"; sourceTree = "<group>"; };
		35686EF2240179DB0046E56D /* BookList.swift */ = {isa = PBXFileReference; lastKnownFileType = sourcecode.swift; path = BookList.swift; sourceTree = "<group>"; };
		35686EF4240182540046E56D /* UITableViewCell+.swift */ = {isa = PBXFileReference; lastKnownFileType = sourcecode.swift; path = "UITableViewCell+.swift"; sourceTree = "<group>"; };
		35686EF624023D0C0046E56D /* NSObject+.swift */ = {isa = PBXFileReference; lastKnownFileType = sourcecode.swift; path = "NSObject+.swift"; sourceTree = "<group>"; };
		35686EF824023F0B0046E56D /* SearchBookListViewModel.swift */ = {isa = PBXFileReference; lastKnownFileType = sourcecode.swift; path = SearchBookListViewModel.swift; sourceTree = "<group>"; };
		35686EFA240248F10046E56D /* LoadMoreCellModel.swift */ = {isa = PBXFileReference; lastKnownFileType = sourcecode.swift; path = LoadMoreCellModel.swift; sourceTree = "<group>"; };
		35686EFC240249170046E56D /* LoadMoreTableViewCell.swift */ = {isa = PBXFileReference; lastKnownFileType = sourcecode.swift; path = LoadMoreTableViewCell.swift; sourceTree = "<group>"; };
		35686EFD240249170046E56D /* LoadMoreTableViewCell.xib */ = {isa = PBXFileReference; lastKnownFileType = file.xib; path = LoadMoreTableViewCell.xib; sourceTree = "<group>"; };
		35686F00240253840046E56D /* Alias.swift */ = {isa = PBXFileReference; lastKnownFileType = sourcecode.swift; path = Alias.swift; sourceTree = "<group>"; };
		35686F0224025AF80046E56D /* Cache.swift */ = {isa = PBXFileReference; lastKnownFileType = sourcecode.swift; path = Cache.swift; sourceTree = "<group>"; };
		35686F05240260FC0046E56D /* CacheTests.swift */ = {isa = PBXFileReference; lastKnownFileType = sourcecode.swift; path = CacheTests.swift; sourceTree = "<group>"; };
		35686F0724026B090046E56D /* URL+.swift */ = {isa = PBXFileReference; lastKnownFileType = sourcecode.swift; path = "URL+.swift"; sourceTree = "<group>"; };
		35686F092402B13C0046E56D /* BookDetailViewController.xib */ = {isa = PBXFileReference; lastKnownFileType = file.xib; path = BookDetailViewController.xib; sourceTree = "<group>"; };
		35686F0B2402B7CB0046E56D /* BookDetailViewModel.swift */ = {isa = PBXFileReference; lastKnownFileType = sourcecode.swift; path = BookDetailViewModel.swift; sourceTree = "<group>"; };
		35686F0D2403FB880046E56D /* Data+.swift */ = {isa = PBXFileReference; lastKnownFileType = sourcecode.swift; path = "Data+.swift"; sourceTree = "<group>"; };
		35CDC73C23FD7E430029C5C6 /* BookShelf.app */ = {isa = PBXFileReference; explicitFileType = wrapper.application; includeInIndex = 0; path = BookShelf.app; sourceTree = BUILT_PRODUCTS_DIR; };
		35CDC73F23FD7E430029C5C6 /* AppDelegate.swift */ = {isa = PBXFileReference; lastKnownFileType = sourcecode.swift; path = AppDelegate.swift; sourceTree = "<group>"; };
		35CDC74123FD7E430029C5C6 /* SceneDelegate.swift */ = {isa = PBXFileReference; lastKnownFileType = sourcecode.swift; path = SceneDelegate.swift; sourceTree = "<group>"; };
		35CDC74323FD7E430029C5C6 /* NewBooksViewController.swift */ = {isa = PBXFileReference; lastKnownFileType = sourcecode.swift; path = NewBooksViewController.swift; sourceTree = "<group>"; };
		35CDC74523FD7E430029C5C6 /* SearchBookViewController.swift */ = {isa = PBXFileReference; lastKnownFileType = sourcecode.swift; path = SearchBookViewController.swift; sourceTree = "<group>"; };
		35CDC74823FD7E430029C5C6 /* Base */ = {isa = PBXFileReference; lastKnownFileType = file.storyboard; name = Base; path = Base.lproj/Main.storyboard; sourceTree = "<group>"; };
		35CDC74A23FD7E450029C5C6 /* Assets.xcassets */ = {isa = PBXFileReference; lastKnownFileType = folder.assetcatalog; path = Assets.xcassets; sourceTree = "<group>"; };
		35CDC74D23FD7E450029C5C6 /* Base */ = {isa = PBXFileReference; lastKnownFileType = file.storyboard; name = Base; path = Base.lproj/LaunchScreen.storyboard; sourceTree = "<group>"; };
		35CDC74F23FD7E450029C5C6 /* Info.plist */ = {isa = PBXFileReference; lastKnownFileType = text.plist.xml; path = Info.plist; sourceTree = "<group>"; };
		35CDC75423FD7E460029C5C6 /* BookShelfTests.xctest */ = {isa = PBXFileReference; explicitFileType = wrapper.cfbundle; includeInIndex = 0; path = BookShelfTests.xctest; sourceTree = BUILT_PRODUCTS_DIR; };
		35CDC75823FD7E460029C5C6 /* BookShelfTests.swift */ = {isa = PBXFileReference; lastKnownFileType = sourcecode.swift; path = BookShelfTests.swift; sourceTree = "<group>"; };
		35CDC75A23FD7E460029C5C6 /* Info.plist */ = {isa = PBXFileReference; lastKnownFileType = text.plist.xml; path = Info.plist; sourceTree = "<group>"; };
		35CDC76823FD88530029C5C6 /* BookDetailViewController.swift */ = {isa = PBXFileReference; lastKnownFileType = sourcecode.swift; path = BookDetailViewController.swift; sourceTree = "<group>"; };
		35CDC76A23FD88620029C5C6 /* Book.swift */ = {isa = PBXFileReference; lastKnownFileType = sourcecode.swift; path = Book.swift; sourceTree = "<group>"; wrapsLines = 0; };
		35CDC76C23FD8A1F0029C5C6 /* BookDetail.swift */ = {isa = PBXFileReference; lastKnownFileType = sourcecode.swift; path = BookDetail.swift; sourceTree = "<group>"; wrapsLines = 0; };
		35CDC76F23FD8EDC0029C5C6 /* API.swift */ = {isa = PBXFileReference; lastKnownFileType = sourcecode.swift; path = API.swift; sourceTree = "<group>"; };
		35CDC77224013CF90029C5C6 /* APIURLConvertible.swift */ = {isa = PBXFileReference; lastKnownFileType = sourcecode.swift; path = APIURLConvertible.swift; sourceTree = "<group>"; };
/* End PBXFileReference section */

/* Begin PBXFrameworksBuildPhase section */
		35CDC73923FD7E430029C5C6 /* Frameworks */ = {
			isa = PBXFrameworksBuildPhase;
			buildActionMask = 2147483647;
			files = (
			);
			runOnlyForDeploymentPostprocessing = 0;
		};
		35CDC75123FD7E460029C5C6 /* Frameworks */ = {
			isa = PBXFrameworksBuildPhase;
			buildActionMask = 2147483647;
			files = (
			);
			runOnlyForDeploymentPostprocessing = 0;
		};
/* End PBXFrameworksBuildPhase section */

/* Begin PBXGroup section */
		35686EE8240161BE0046E56D /* Assets */ = {
			isa = PBXGroup;
			children = (
				35CDC74A23FD7E450029C5C6 /* Assets.xcassets */,
			);
			path = Assets;
			sourceTree = "<group>";
		};
		35686EEB2401642D0046E56D /* Modules */ = {
			isa = PBXGroup;
			children = (
				35686EEC2401643D0046E56D /* CellRepresentable.swift */,
				35686EEE24016A350046E56D /* CellModelRepresentable.swift */,
				35686EF0240170D60046E56D /* UIImageView+.swift */,
				35686EF4240182540046E56D /* UITableViewCell+.swift */,
				35686EF624023D0C0046E56D /* NSObject+.swift */,
				35686F0724026B090046E56D /* URL+.swift */,
				35686F00240253840046E56D /* Alias.swift */,
				35686F0D2403FB880046E56D /* Data+.swift */,
				35686F0224025AF80046E56D /* Cache.swift */,
			);
			path = Modules;
			sourceTree = "<group>";
		};
		35686F04240260E20046E56D /* Cache */ = {
			isa = PBXGroup;
			children = (
				35686F05240260FC0046E56D /* CacheTests.swift */,
			);
			path = Cache;
			sourceTree = "<group>";
		};
		35CDC73323FD7E430029C5C6 = {
			isa = PBXGroup;
			children = (
				35CDC73E23FD7E430029C5C6 /* BookShelf */,
				35CDC75723FD7E460029C5C6 /* BookShelfTests */,
				35CDC73D23FD7E430029C5C6 /* Products */,
			);
			sourceTree = "<group>";
		};
		35CDC73D23FD7E430029C5C6 /* Products */ = {
			isa = PBXGroup;
			children = (
				35CDC73C23FD7E430029C5C6 /* BookShelf.app */,
				35CDC75423FD7E460029C5C6 /* BookShelfTests.xctest */,
			);
			name = Products;
			sourceTree = "<group>";
		};
		35CDC73E23FD7E430029C5C6 /* BookShelf */ = {
			isa = PBXGroup;
			children = (
				35686EE8240161BE0046E56D /* Assets */,
				35CDC76423FD87F90029C5C6 /* AppDelegates */,
				35CDC73F23FD7E430029C5C6 /* AppDelegate.swift */,
				35CDC74123FD7E430029C5C6 /* SceneDelegate.swift */,
				35CDC76323FD87E60029C5C6 /* ViewControllers */,
				35CDC76523FD88280029C5C6 /* Models */,
				35CDC76623FD882F0029C5C6 /* ViewModels */,
				35CDC76723FD88370029C5C6 /* Views */,
				35686EEB2401642D0046E56D /* Modules */,
				35CDC76E23FD8EC00029C5C6 /* Network */,
				35CDC74723FD7E430029C5C6 /* Main.storyboard */,
				35CDC74C23FD7E450029C5C6 /* LaunchScreen.storyboard */,
				35CDC74F23FD7E450029C5C6 /* Info.plist */,
			);
			path = BookShelf;
			sourceTree = "<group>";
		};
		35CDC75723FD7E460029C5C6 /* BookShelfTests */ = {
			isa = PBXGroup;
			children = (
				35CDC75823FD7E460029C5C6 /* BookShelfTests.swift */,
				35686F04240260E20046E56D /* Cache */,
				35CDC75A23FD7E460029C5C6 /* Info.plist */,
			);
			path = BookShelfTests;
			sourceTree = "<group>";
		};
		35CDC76323FD87E60029C5C6 /* ViewControllers */ = {
			isa = PBXGroup;
			children = (
				35CDC74323FD7E430029C5C6 /* NewBooksViewController.swift */,
				35CDC74523FD7E430029C5C6 /* SearchBookViewController.swift */,
				35CDC76823FD88530029C5C6 /* BookDetailViewController.swift */,
				35686F092402B13C0046E56D /* BookDetailViewController.xib */,
			);
			path = ViewControllers;
			sourceTree = "<group>";
		};
		35CDC76423FD87F90029C5C6 /* AppDelegates */ = {
			isa = PBXGroup;
			children = (
			);
			path = AppDelegates;
			sourceTree = "<group>";
		};
		35CDC76523FD88280029C5C6 /* Models */ = {
			isa = PBXGroup;
			children = (
				35686EF2240179DB0046E56D /* BookList.swift */,
				35CDC76A23FD88620029C5C6 /* Book.swift */,
				35CDC76C23FD8A1F0029C5C6 /* BookDetail.swift */,
			);
			path = Models;
			sourceTree = "<group>";
		};
		35CDC76623FD882F0029C5C6 /* ViewModels */ = {
			isa = PBXGroup;
			children = (
				35686EE024015EB10046E56D /* NewBookListViewModel.swift */,
				35686EF824023F0B0046E56D /* SearchBookListViewModel.swift */,
				35686EE224015F960046E56D /* BookListCellModel.swift */,
				35686EFA240248F10046E56D /* LoadMoreCellModel.swift */,
				35686F0B2402B7CB0046E56D /* BookDetailViewModel.swift */,
			);
			path = ViewModels;
			sourceTree = "<group>";
		};
		35CDC76723FD88370029C5C6 /* Views */ = {
			isa = PBXGroup;
			children = (
				35686EE424015FB70046E56D /* BookListTableViewCell.swift */,
				35686EE524015FB70046E56D /* BookListTableViewCell.xib */,
				35686EFC240249170046E56D /* LoadMoreTableViewCell.swift */,
				35686EFD240249170046E56D /* LoadMoreTableViewCell.xib */,
			);
			path = Views;
			sourceTree = "<group>";
		};
		35CDC76E23FD8EC00029C5C6 /* Network */ = {
			isa = PBXGroup;
			children = (
				35CDC76F23FD8EDC0029C5C6 /* API.swift */,
				35CDC77124013CE70029C5C6 /* BookAPIs */,
			);
			path = Network;
			sourceTree = "<group>";
		};
		35CDC77124013CE70029C5C6 /* BookAPIs */ = {
			isa = PBXGroup;
			children = (
				35CDC77224013CF90029C5C6 /* APIURLConvertible.swift */,
			);
			path = BookAPIs;
			sourceTree = "<group>";
		};
/* End PBXGroup section */

/* Begin PBXNativeTarget section */
		35CDC73B23FD7E430029C5C6 /* BookShelf */ = {
			isa = PBXNativeTarget;
			buildConfigurationList = 35CDC75D23FD7E460029C5C6 /* Build configuration list for PBXNativeTarget "BookShelf" */;
			buildPhases = (
				35CDC73823FD7E430029C5C6 /* Sources */,
				35CDC73923FD7E430029C5C6 /* Frameworks */,
				35CDC73A23FD7E430029C5C6 /* Resources */,
			);
			buildRules = (
			);
			dependencies = (
			);
			name = BookShelf;
			productName = BookShelf;
			productReference = 35CDC73C23FD7E430029C5C6 /* BookShelf.app */;
			productType = "com.apple.product-type.application";
		};
		35CDC75323FD7E460029C5C6 /* BookShelfTests */ = {
			isa = PBXNativeTarget;
			buildConfigurationList = 35CDC76023FD7E460029C5C6 /* Build configuration list for PBXNativeTarget "BookShelfTests" */;
			buildPhases = (
				35CDC75023FD7E460029C5C6 /* Sources */,
				35CDC75123FD7E460029C5C6 /* Frameworks */,
				35CDC75223FD7E460029C5C6 /* Resources */,
			);
			buildRules = (
			);
			dependencies = (
				35CDC75623FD7E460029C5C6 /* PBXTargetDependency */,
			);
			name = BookShelfTests;
			productName = BookShelfTests;
			productReference = 35CDC75423FD7E460029C5C6 /* BookShelfTests.xctest */;
			productType = "com.apple.product-type.bundle.unit-test";
		};
/* End PBXNativeTarget section */

/* Begin PBXProject section */
		35CDC73423FD7E430029C5C6 /* Project object */ = {
			isa = PBXProject;
			attributes = {
				LastSwiftUpdateCheck = 1130;
				LastUpgradeCheck = 1130;
				ORGANIZATIONNAME = cream;
				TargetAttributes = {
					35CDC73B23FD7E430029C5C6 = {
						CreatedOnToolsVersion = 11.3.1;
					};
					35CDC75323FD7E460029C5C6 = {
						CreatedOnToolsVersion = 11.3.1;
						TestTargetID = 35CDC73B23FD7E430029C5C6;
					};
				};
			};
			buildConfigurationList = 35CDC73723FD7E430029C5C6 /* Build configuration list for PBXProject "BookShelf" */;
			compatibilityVersion = "Xcode 9.3";
			developmentRegion = en;
			hasScannedForEncodings = 0;
			knownRegions = (
				en,
				Base,
			);
			mainGroup = 35CDC73323FD7E430029C5C6;
			productRefGroup = 35CDC73D23FD7E430029C5C6 /* Products */;
			projectDirPath = "";
			projectRoot = "";
			targets = (
				35CDC73B23FD7E430029C5C6 /* BookShelf */,
				35CDC75323FD7E460029C5C6 /* BookShelfTests */,
			);
		};
/* End PBXProject section */

/* Begin PBXResourcesBuildPhase section */
		35CDC73A23FD7E430029C5C6 /* Resources */ = {
			isa = PBXResourcesBuildPhase;
			buildActionMask = 2147483647;
			files = (
				35686EFF240249170046E56D /* LoadMoreTableViewCell.xib in Resources */,
				35686EE724015FB70046E56D /* BookListTableViewCell.xib in Resources */,
				35CDC74E23FD7E450029C5C6 /* LaunchScreen.storyboard in Resources */,
				35686F0A2402B13C0046E56D /* BookDetailViewController.xib in Resources */,
				35CDC74B23FD7E450029C5C6 /* Assets.xcassets in Resources */,
				35CDC74923FD7E430029C5C6 /* Main.storyboard in Resources */,
			);
			runOnlyForDeploymentPostprocessing = 0;
		};
		35CDC75223FD7E460029C5C6 /* Resources */ = {
			isa = PBXResourcesBuildPhase;
			buildActionMask = 2147483647;
			files = (
			);
			runOnlyForDeploymentPostprocessing = 0;
		};
/* End PBXResourcesBuildPhase section */

/* Begin PBXSourcesBuildPhase section */
		35CDC73823FD7E430029C5C6 /* Sources */ = {
			isa = PBXSourcesBuildPhase;
			buildActionMask = 2147483647;
			files = (
				35686EF3240179DB0046E56D /* BookList.swift in Sources */,
				35CDC74623FD7E430029C5C6 /* SearchBookViewController.swift in Sources */,
				35CDC74423FD7E430029C5C6 /* NewBooksViewController.swift in Sources */,
				35686F0E2403FB880046E56D /* Data+.swift in Sources */,
				35686EED2401643D0046E56D /* CellRepresentable.swift in Sources */,
				35686EE324015F960046E56D /* BookListCellModel.swift in Sources */,
				35CDC76B23FD88620029C5C6 /* Book.swift in Sources */,
				35686F0C2402B7CB0046E56D /* BookDetailViewModel.swift in Sources */,
				35686EE624015FB70046E56D /* BookListTableViewCell.swift in Sources */,
				35686EF724023D0C0046E56D /* NSObject+.swift in Sources */,
				35CDC74023FD7E430029C5C6 /* AppDelegate.swift in Sources */,
				35CDC76D23FD8A1F0029C5C6 /* BookDetail.swift in Sources */,
				35686F01240253840046E56D /* Alias.swift in Sources */,
				35686EF5240182540046E56D /* UITableViewCell+.swift in Sources */,
				35CDC77324013CF90029C5C6 /* APIURLConvertible.swift in Sources */,
				35686EFE240249170046E56D /* LoadMoreTableViewCell.swift in Sources */,
				35686EF1240170D60046E56D /* UIImageView+.swift in Sources */,
				35686EE124015EB10046E56D /* NewBookListViewModel.swift in Sources */,
				35686EFB240248F10046E56D /* LoadMoreCellModel.swift in Sources */,
				35686F0324025AF80046E56D /* Cache.swift in Sources */,
				35CDC74223FD7E430029C5C6 /* SceneDelegate.swift in Sources */,
				35686F0824026B090046E56D /* URL+.swift in Sources */,
				35686EF924023F0B0046E56D /* SearchBookListViewModel.swift in Sources */,
				35CDC77023FD8EDC0029C5C6 /* API.swift in Sources */,
				35686EEF24016A350046E56D /* CellModelRepresentable.swift in Sources */,
				35CDC76923FD88530029C5C6 /* BookDetailViewController.swift in Sources */,
			);
			runOnlyForDeploymentPostprocessing = 0;
		};
		35CDC75023FD7E460029C5C6 /* Sources */ = {
			isa = PBXSourcesBuildPhase;
			buildActionMask = 2147483647;
			files = (
				35686F06240260FC0046E56D /* CacheTests.swift in Sources */,
				35CDC75923FD7E460029C5C6 /* BookShelfTests.swift in Sources */,
			);
			runOnlyForDeploymentPostprocessing = 0;
		};
/* End PBXSourcesBuildPhase section */

/* Begin PBXTargetDependency section */
		35CDC75623FD7E460029C5C6 /* PBXTargetDependency */ = {
			isa = PBXTargetDependency;
			target = 35CDC73B23FD7E430029C5C6 /* BookShelf */;
			targetProxy = 35CDC75523FD7E460029C5C6 /* PBXContainerItemProxy */;
		};
/* End PBXTargetDependency section */

/* Begin PBXVariantGroup section */
		35CDC74723FD7E430029C5C6 /* Main.storyboard */ = {
			isa = PBXVariantGroup;
			children = (
				35CDC74823FD7E430029C5C6 /* Base */,
			);
			name = Main.storyboard;
			sourceTree = "<group>";
		};
		35CDC74C23FD7E450029C5C6 /* LaunchScreen.storyboard */ = {
			isa = PBXVariantGroup;
			children = (
				35CDC74D23FD7E450029C5C6 /* Base */,
			);
			name = LaunchScreen.storyboard;
			sourceTree = "<group>";
		};
/* End PBXVariantGroup section */

/* Begin XCBuildConfiguration section */
		35CDC75B23FD7E460029C5C6 /* Debug */ = {
			isa = XCBuildConfiguration;
			buildSettings = {
				ALWAYS_SEARCH_USER_PATHS = NO;
				CLANG_ANALYZER_NONNULL = YES;
				CLANG_ANALYZER_NUMBER_OBJECT_CONVERSION = YES_AGGRESSIVE;
				CLANG_CXX_LANGUAGE_STANDARD = "gnu++14";
				CLANG_CXX_LIBRARY = "libc++";
				CLANG_ENABLE_MODULES = YES;
				CLANG_ENABLE_OBJC_ARC = YES;
				CLANG_ENABLE_OBJC_WEAK = YES;
				CLANG_WARN_BLOCK_CAPTURE_AUTORELEASING = YES;
				CLANG_WARN_BOOL_CONVERSION = YES;
				CLANG_WARN_COMMA = YES;
				CLANG_WARN_CONSTANT_CONVERSION = YES;
				CLANG_WARN_DEPRECATED_OBJC_IMPLEMENTATIONS = YES;
				CLANG_WARN_DIRECT_OBJC_ISA_USAGE = YES_ERROR;
				CLANG_WARN_DOCUMENTATION_COMMENTS = YES;
				CLANG_WARN_EMPTY_BODY = YES;
				CLANG_WARN_ENUM_CONVERSION = YES;
				CLANG_WARN_INFINITE_RECURSION = YES;
				CLANG_WARN_INT_CONVERSION = YES;
				CLANG_WARN_NON_LITERAL_NULL_CONVERSION = YES;
				CLANG_WARN_OBJC_IMPLICIT_RETAIN_SELF = YES;
				CLANG_WARN_OBJC_LITERAL_CONVERSION = YES;
				CLANG_WARN_OBJC_ROOT_CLASS = YES_ERROR;
				CLANG_WARN_RANGE_LOOP_ANALYSIS = YES;
				CLANG_WARN_STRICT_PROTOTYPES = YES;
				CLANG_WARN_SUSPICIOUS_MOVE = YES;
				CLANG_WARN_UNGUARDED_AVAILABILITY = YES_AGGRESSIVE;
				CLANG_WARN_UNREACHABLE_CODE = YES;
				CLANG_WARN__DUPLICATE_METHOD_MATCH = YES;
				COPY_PHASE_STRIP = NO;
				DEBUG_INFORMATION_FORMAT = dwarf;
				ENABLE_STRICT_OBJC_MSGSEND = YES;
				ENABLE_TESTABILITY = YES;
				GCC_C_LANGUAGE_STANDARD = gnu11;
				GCC_DYNAMIC_NO_PIC = NO;
				GCC_NO_COMMON_BLOCKS = YES;
				GCC_OPTIMIZATION_LEVEL = 0;
				GCC_PREPROCESSOR_DEFINITIONS = (
					"DEBUG=1",
					"$(inherited)",
				);
				GCC_WARN_64_TO_32_BIT_CONVERSION = YES;
				GCC_WARN_ABOUT_RETURN_TYPE = YES_ERROR;
				GCC_WARN_UNDECLARED_SELECTOR = YES;
				GCC_WARN_UNINITIALIZED_AUTOS = YES_AGGRESSIVE;
				GCC_WARN_UNUSED_FUNCTION = YES;
				GCC_WARN_UNUSED_VARIABLE = YES;
				IPHONEOS_DEPLOYMENT_TARGET = 13.0;
				MTL_ENABLE_DEBUG_INFO = INCLUDE_SOURCE;
				MTL_FAST_MATH = YES;
				ONLY_ACTIVE_ARCH = YES;
				SDKROOT = iphoneos;
				SWIFT_ACTIVE_COMPILATION_CONDITIONS = DEBUG;
				SWIFT_OPTIMIZATION_LEVEL = "-Onone";
			};
			name = Debug;
		};
		35CDC75C23FD7E460029C5C6 /* Release */ = {
			isa = XCBuildConfiguration;
			buildSettings = {
				ALWAYS_SEARCH_USER_PATHS = NO;
				CLANG_ANALYZER_NONNULL = YES;
				CLANG_ANALYZER_NUMBER_OBJECT_CONVERSION = YES_AGGRESSIVE;
				CLANG_CXX_LANGUAGE_STANDARD = "gnu++14";
				CLANG_CXX_LIBRARY = "libc++";
				CLANG_ENABLE_MODULES = YES;
				CLANG_ENABLE_OBJC_ARC = YES;
				CLANG_ENABLE_OBJC_WEAK = YES;
				CLANG_WARN_BLOCK_CAPTURE_AUTORELEASING = YES;
				CLANG_WARN_BOOL_CONVERSION = YES;
				CLANG_WARN_COMMA = YES;
				CLANG_WARN_CONSTANT_CONVERSION = YES;
				CLANG_WARN_DEPRECATED_OBJC_IMPLEMENTATIONS = YES;
				CLANG_WARN_DIRECT_OBJC_ISA_USAGE = YES_ERROR;
				CLANG_WARN_DOCUMENTATION_COMMENTS = YES;
				CLANG_WARN_EMPTY_BODY = YES;
				CLANG_WARN_ENUM_CONVERSION = YES;
				CLANG_WARN_INFINITE_RECURSION = YES;
				CLANG_WARN_INT_CONVERSION = YES;
				CLANG_WARN_NON_LITERAL_NULL_CONVERSION = YES;
				CLANG_WARN_OBJC_IMPLICIT_RETAIN_SELF = YES;
				CLANG_WARN_OBJC_LITERAL_CONVERSION = YES;
				CLANG_WARN_OBJC_ROOT_CLASS = YES_ERROR;
				CLANG_WARN_RANGE_LOOP_ANALYSIS = YES;
				CLANG_WARN_STRICT_PROTOTYPES = YES;
				CLANG_WARN_SUSPICIOUS_MOVE = YES;
				CLANG_WARN_UNGUARDED_AVAILABILITY = YES_AGGRESSIVE;
				CLANG_WARN_UNREACHABLE_CODE = YES;
				CLANG_WARN__DUPLICATE_METHOD_MATCH = YES;
				COPY_PHASE_STRIP = NO;
				DEBUG_INFORMATION_FORMAT = "dwarf-with-dsym";
				ENABLE_NS_ASSERTIONS = NO;
				ENABLE_STRICT_OBJC_MSGSEND = YES;
				GCC_C_LANGUAGE_STANDARD = gnu11;
				GCC_NO_COMMON_BLOCKS = YES;
				GCC_WARN_64_TO_32_BIT_CONVERSION = YES;
				GCC_WARN_ABOUT_RETURN_TYPE = YES_ERROR;
				GCC_WARN_UNDECLARED_SELECTOR = YES;
				GCC_WARN_UNINITIALIZED_AUTOS = YES_AGGRESSIVE;
				GCC_WARN_UNUSED_FUNCTION = YES;
				GCC_WARN_UNUSED_VARIABLE = YES;
				IPHONEOS_DEPLOYMENT_TARGET = 13.0;
				MTL_ENABLE_DEBUG_INFO = NO;
				MTL_FAST_MATH = YES;
				SDKROOT = iphoneos;
				SWIFT_COMPILATION_MODE = wholemodule;
				SWIFT_OPTIMIZATION_LEVEL = "-O";
				VALIDATE_PRODUCT = YES;
			};
			name = Release;
		};
		35CDC75E23FD7E460029C5C6 /* Debug */ = {
			isa = XCBuildConfiguration;
			buildSettings = {
				ASSETCATALOG_COMPILER_APPICON_NAME = AppIcon;
				CODE_SIGN_STYLE = Automatic;
				DEVELOPMENT_TEAM = 56ZT9NLP39;
				INFOPLIST_FILE = BookShelf/Info.plist;
				LD_RUNPATH_SEARCH_PATHS = (
					"$(inherited)",
					"@executable_path/Frameworks",
				);
				PRODUCT_BUNDLE_IDENTIFIER = com.cream.mecca.BookShelf;
				PRODUCT_NAME = "$(TARGET_NAME)";
				SWIFT_VERSION = 5.0;
				TARGETED_DEVICE_FAMILY = "1,2";
			};
			name = Debug;
		};
		35CDC75F23FD7E460029C5C6 /* Release */ = {
			isa = XCBuildConfiguration;
			buildSettings = {
				ASSETCATALOG_COMPILER_APPICON_NAME = AppIcon;
				CODE_SIGN_STYLE = Automatic;
				DEVELOPMENT_TEAM = 56ZT9NLP39;
				INFOPLIST_FILE = BookShelf/Info.plist;
				LD_RUNPATH_SEARCH_PATHS = (
					"$(inherited)",
					"@executable_path/Frameworks",
				);
				PRODUCT_BUNDLE_IDENTIFIER = com.cream.mecca.BookShelf;
				PRODUCT_NAME = "$(TARGET_NAME)";
				SWIFT_VERSION = 5.0;
				TARGETED_DEVICE_FAMILY = "1,2";
			};
			name = Release;
		};
		35CDC76123FD7E460029C5C6 /* Debug */ = {
			isa = XCBuildConfiguration;
			buildSettings = {
				ALWAYS_EMBED_SWIFT_STANDARD_LIBRARIES = YES;
				BUNDLE_LOADER = "$(TEST_HOST)";
				CODE_SIGN_STYLE = Automatic;
				DEVELOPMENT_TEAM = 56ZT9NLP39;
				INFOPLIST_FILE = BookShelfTests/Info.plist;
				IPHONEOS_DEPLOYMENT_TARGET = 13.2;
				LD_RUNPATH_SEARCH_PATHS = (
					"$(inherited)",
					"@executable_path/Frameworks",
					"@loader_path/Frameworks",
				);
				PRODUCT_BUNDLE_IDENTIFIER = com.cream.mecca.BookShelfTests;
				PRODUCT_NAME = "$(TARGET_NAME)";
				SWIFT_VERSION = 5.0;
				TARGETED_DEVICE_FAMILY = "1,2";
				TEST_HOST = "$(BUILT_PRODUCTS_DIR)/BookShelf.app/BookShelf";
			};
			name = Debug;
		};
		35CDC76223FD7E460029C5C6 /* Release */ = {
			isa = XCBuildConfiguration;
			buildSettings = {
				ALWAYS_EMBED_SWIFT_STANDARD_LIBRARIES = YES;
				BUNDLE_LOADER = "$(TEST_HOST)";
				CODE_SIGN_STYLE = Automatic;
				DEVELOPMENT_TEAM = 56ZT9NLP39;
				INFOPLIST_FILE = BookShelfTests/Info.plist;
				IPHONEOS_DEPLOYMENT_TARGET = 13.2;
				LD_RUNPATH_SEARCH_PATHS = (
					"$(inherited)",
					"@executable_path/Frameworks",
					"@loader_path/Frameworks",
				);
				PRODUCT_BUNDLE_IDENTIFIER = com.cream.mecca.BookShelfTests;
				PRODUCT_NAME = "$(TARGET_NAME)";
				SWIFT_VERSION = 5.0;
				TARGETED_DEVICE_FAMILY = "1,2";
				TEST_HOST = "$(BUILT_PRODUCTS_DIR)/BookShelf.app/BookShelf";
			};
			name = Release;
		};
/* End XCBuildConfiguration section */

/* Begin XCConfigurationList section */
		35CDC73723FD7E430029C5C6 /* Build configuration list for PBXProject "BookShelf" */ = {
			isa = XCConfigurationList;
			buildConfigurations = (
				35CDC75B23FD7E460029C5C6 /* Debug */,
				35CDC75C23FD7E460029C5C6 /* Release */,
			);
			defaultConfigurationIsVisible = 0;
			defaultConfigurationName = Release;
		};
		35CDC75D23FD7E460029C5C6 /* Build configuration list for PBXNativeTarget "BookShelf" */ = {
			isa = XCConfigurationList;
			buildConfigurations = (
				35CDC75E23FD7E460029C5C6 /* Debug */,
				35CDC75F23FD7E460029C5C6 /* Release */,
			);
			defaultConfigurationIsVisible = 0;
			defaultConfigurationName = Release;
		};
		35CDC76023FD7E460029C5C6 /* Build configuration list for PBXNativeTarget "BookShelfTests" */ = {
			isa = XCConfigurationList;
			buildConfigurations = (
				35CDC76123FD7E460029C5C6 /* Debug */,
				35CDC76223FD7E460029C5C6 /* Release */,
			);
			defaultConfigurationIsVisible = 0;
			defaultConfigurationName = Release;
		};
/* End XCConfigurationList section */
	};
	rootObject = 35CDC73423FD7E430029C5C6 /* Project object */;
}
